
Microsoft Visual Studio Solution File, Format Version 12.00
# Visual Studio Version 16
VisualStudioVersion = 16.0.29806.167
MinimumVisualStudioVersion = 10.0.40219.1
Project("{9A19103F-16F7-4668-BE54-9A1E7A4F7556}") = "ShapeIntersection.Test", "ShapeIntersection.Test\ShapeIntersection.Test.csproj", "{2B34B1E6-AD0B-40A1-BCF0-CEB9DB770472}"
EndProject
Project("{FAE04EC0-301F-11D3-BF4B-00C04F79EFBC}") = "ShapeIntersection", "ShapeIntersection\ShapeIntersection.csproj", "{D9804741-49A9-465E-8068-E9728E820030}"
EndProject
Global
	GlobalSection(SolutionConfigurationPlatforms) = preSolution
		Debug|Any CPU = Debug|Any CPU
		Release|Any CPU = Release|Any CPU
	EndGlobalSection
	GlobalSection(ProjectConfigurationPlatforms) = postSolution
		{2B34B1E6-AD0B-40A1-BCF0-CEB9DB770472}.Debug|Any CPU.ActiveCfg = Debug|Any CPU
		{2B34B1E6-AD0B-40A1-BCF0-CEB9DB770472}.Debug|Any CPU.Build.0 = Debug|Any CPU
		{2B34B1E6-AD0B-40A1-BCF0-CEB9DB770472}.Release|Any CPU.ActiveCfg = Release|Any CPU
		{2B34B1E6-AD0B-40A1-BCF0-CEB9DB770472}.Release|Any CPU.Build.0 = Release|Any CPU
		{D9804741-49A9-465E-8068-E9728E820030}.Debug|Any CPU.ActiveCfg = Debug|Any CPU
		{D9804741-49A9-465E-8068-E9728E820030}.Debug|Any CPU.Build.0 = Debug|Any CPU
		{D9804741-49A9-465E-8068-E9728E820030}.Release|Any CPU.ActiveCfg = Release|Any CPU
		{D9804741-49A9-465E-8068-E9728E820030}.Release|Any CPU.Build.0 = Release|Any CPU
	EndGlobalSection
	GlobalSection(SolutionProperties) = preSolution
		HideSolutionNode = FALSE
	EndGlobalSection
	GlobalSection(ExtensibilityGlobals) = postSolution
		SolutionGuid = {DA024DB6-8FC4-4991-BC47-40788F1FB077}
	EndGlobalSection
EndGlobal
